{
  "name": "webpackapp",
  "requires": true,
  "lockfileVersion": 1,
  "dependencies": {
    "@vuikit/icons": {
      "version": "0.8.1",
      "resolved": "https://registry.npmjs.org/@vuikit/icons/-/icons-0.8.1.tgz",
      "integrity": "sha512-DiwUbbN8b3AyPxiW5llL0VZDOyM5P+U8YEnP+CLGzOL7KJ/bqrpPhskCDUOoDUy7+fBEYxsO7+oC0dYCXNYLRw=="
    },
    "@vuikit/theme": {
      "version": "0.8.0",
      "resolved": "https://registry.npmjs.org/@vuikit/theme/-/theme-0.8.0.tgz",
      "integrity": "sha512-zVMCTCnQj5g+c8DFFj2E+fe8XGwFb/w14DRyCAsGcZhzVr08v/0IjTwX/1nYoaDWVP2FiL/PK8OksPkGVCMzyg=="
    },
    "async-validator": {
      "version": "1.8.2",
      "resolved": "https://registry.npmjs.org/async-validator/-/async-validator-1.8.2.tgz",
      "integrity": "sha1-t3WXIm6WJC+NUxwNRq4pX2JCK6Q=",
      "requires": {
        "babel-runtime": "6.26.0"
      }
    },
    "babel-helper-vue-jsx-merge-props": {
      "version": "2.0.3",
      "resolved": "https://registry.npmjs.org/babel-helper-vue-jsx-merge-props/-/babel-helper-vue-jsx-merge-props-2.0.3.tgz",
      "integrity": "sha512-gsLiKK7Qrb7zYJNgiXKpXblxbV5ffSwR0f5whkPAaBAR4fhi6bwRZxX9wBlIc5M/v8CCkXUbXZL4N/nSE97cqg=="
    },
    "babel-runtime": {
      "version": "6.26.0",
      "resolved": "https://registry.npmjs.org/babel-runtime/-/babel-runtime-6.26.0.tgz",
      "integrity": "sha1-llxwWGaOgrVde/4E/yM3vItWR/4=",
      "requires": {
        "core-js": "2.5.7",
        "regenerator-runtime": "0.11.1"
      }
    },
    "core-js": {
      "version": "2.5.7",
      "resolved": "https://registry.npmjs.org/core-js/-/core-js-2.5.7.tgz",
      "integrity": "sha512-RszJCAxg/PP6uzXVXL6BsxSXx/B05oJAQ2vkJRjyjrEcNVycaqOmNb5OTxZPE3xa5gwZduqza6L9JOCenh/Ecw=="
    },
    "dayjs": {
      "version": "1.6.9",
      "resolved": "https://registry.npmjs.org/dayjs/-/dayjs-1.6.9.tgz",
      "integrity": "sha512-6e9R/dKeERbUuiRoEIcEBTFSnCDHAq7Hzw99fPZMJbee2ZlqDCpvrE9MWWW6QN6nZ2W+Dfa7el9HkeJk7ui9TQ=="
    },
    "deepmerge": {
      "version": "1.5.2",
      "resolved": "https://registry.npmjs.org/deepmerge/-/deepmerge-1.5.2.tgz",
      "integrity": "sha512-95k0GDqvBjZavkuvzx/YqVLv/6YYa17fz6ILMSf7neqQITCPbnfEnQvEgMPNjH4kgobe7+WIL0yJEHku+H3qtQ=="
    },
    "element-ui": {
      "version": "2.4.1",
      "resolved": "https://registry.npmjs.org/element-ui/-/element-ui-2.4.1.tgz",
      "integrity": "sha512-9+XPH692o+VrhEOFgkdlakT3eEwH2ZMw9RRVDi6WhI1GUKGBnXFgURZlI8Mx8wipxWzuUSyLH/fSSD4zmeqkjQ==",
      "requires": {
        "async-validator": "1.8.2",
        "babel-helper-vue-jsx-merge-props": "2.0.3",
        "deepmerge": "1.5.2",
        "normalize-wheel": "1.0.1",
        "resize-observer-polyfill": "1.5.0",
        "throttle-debounce": "1.1.0"
      }
    },
    "keycode": {
      "version": "2.2.0",
      "resolved": "https://registry.npmjs.org/keycode/-/keycode-2.2.0.tgz",
      "integrity": "sha1-PQr1bce4uOXLqNCpfxByBO7CKwQ="
    },
    "muse-ui": {
      "version": "3.0.0-rc.1",
      "resolved": "https://registry.npmjs.org/muse-ui/-/muse-ui-3.0.0-rc.1.tgz",
      "integrity": "sha512-LWTEFpmydMJNou/H8T5lLg3djGWt+3VoIKwk2QxxdvgIkYssxQcjExAYboZdbJMv396GvKJuFrkcXv1zowEpTg==",
      "requires": {
        "dayjs": "1.6.9",
        "keycode": "2.2.0",
        "normalize-wheel": "1.0.1",
        "resize-observer-polyfill": "1.5.0"
      }
    },
    "normalize-wheel": {
      "version": "1.0.1",
      "resolved": "https://registry.npmjs.org/normalize-wheel/-/normalize-wheel-1.0.1.tgz",
      "integrity": "sha1-rsiGr/2wRQcNhWRH32Ls+GFG7EU="
    },
    "regenerator-runtime": {
      "version": "0.11.1",
      "resolved": "https://registry.npmjs.org/regenerator-runtime/-/regenerator-runtime-0.11.1.tgz",
      "integrity": "sha512-MguG95oij0fC3QV3URf4V2SDYGJhJnJGqvIIgdECeODCT98wSWDAJ94SSuVpYQUoTcGUIL6L4yNB7j1DFFHSBg=="
    },
    "resize-observer-polyfill": {
      "version": "1.5.0",
      "resolved": "https://registry.npmjs.org/resize-observer-polyfill/-/resize-observer-polyfill-1.5.0.tgz",
      "integrity": "sha512-M2AelyJDVR/oLnToJLtuDJRBBWUGUvvGigj1411hXhAdyFWqMaqHp7TixW3FpiLuVaikIcR1QL+zqoJoZlOgpg=="
    },
    "throttle-debounce": {
      "version": "1.1.0",
      "resolved": "https://registry.npmjs.org/throttle-debounce/-/throttle-debounce-1.1.0.tgz",
      "integrity": "sha512-XH8UiPCQcWNuk2LYePibW/4qL97+ZQ1AN3FNXwZRBNPPowo/NRU5fAlDCSNBJIYCKbioZfuYtMhG4quqoJhVzg=="
    },
    "turbolinks": {
      "version": "5.1.1",
      "resolved": "https://registry.npmjs.org/turbolinks/-/turbolinks-5.1.1.tgz",
      "integrity": "sha512-Yhp3HH4Am4K8Qpm0XqEnbreZrCoYOWN6yx+r0fAY36JhAtiFJ3FPdwSt4Usph4duI1HMnB3z8F/LWy55Uf42Jg=="
    },
    "vue-form-wizard": {
      "version": "0.8.4",
      "resolved": "https://registry.npmjs.org/vue-form-wizard/-/vue-form-wizard-0.8.4.tgz",
      "integrity": "sha512-/Zk1+B7bz7qHFJ16mwu021lpPXWf/9Tlr2mTNG3J7M0Hdy3rgA802lWsbKYySns0B0qtsD8BYGjQ2Wyxgg+4uw=="
    },
    "vue-material": {
      "version": "1.0.0-beta-10.2",
      "resolved": "https://registry.npmjs.org/vue-material/-/vue-material-1.0.0-beta-10.2.tgz",
      "integrity": "sha512-DXOUXm6M8zbeJ6LPvP1h/0EhXmCkxNGz2dM/0q4w+lsT9uTaos+YDrwQvJBJcxil3fEw6oHCfhG/peWks+8v7Q=="
    },
    "vuikit": {
      "version": "0.8.5",
      "resolved": "https://registry.npmjs.org/vuikit/-/vuikit-0.8.5.tgz",
      "integrity": "sha512-HTEGyiqZ2feaUq1poQ1sq8PzJ0iLEOHsPwdoUnmR8kPhguiCMvzkIiEqpriEKMxM1HLGRl5Aw8lVr81a/U2m4Q==",
      "requires": {
        "vue": "2.5.16"
      },
      "dependencies": {
        "vue": {
          "version": "2.5.16",
          "resolved": "https://registry.npmjs.org/vue/-/vue-2.5.16.tgz",
          "integrity": "sha512-/ffmsiVuPC8PsWcFkZngdpas19ABm5mh2wA7iDqcltyCTwlgZjHGeJYOXkBMo422iPwIcviOtrTCUpSfXmToLQ=="
        }
      }
    }
  }
}
